
Microsoft Visual Studio Solution File, Format Version 12.00
# Visual Studio Version 17
VisualStudioVersion = 17.0.31903.59
MinimumVisualStudioVersion = 10.0.40219.1
Project("{2150E333-8FDC-42A3-9474-1A3956D46DE8}") = "src", "src", "{827E0CD3-B72D-47B6-A68D-7590B98EB39B}"
EndProject
Project("{FAE04EC0-301F-11D3-BF4B-00C04F79EFBC}") = "MecanoERP.Core", "src\MecanoERP.Core\MecanoERP.Core.csproj", "{915F4A71-CEB5-493D-8A52-155CE89EF98F}"
EndProject
Project("{FAE04EC0-301F-11D3-BF4B-00C04F79EFBC}") = "MecanoERP.Infrastructure", "src\MecanoERP.Infrastructure\MecanoERP.Infrastructure.csproj", "{12099690-10CC-4656-9B68-22BD5359A90B}"
EndProject
Project("{FAE04EC0-301F-11D3-BF4B-00C04F79EFBC}") = "MecanoERP.WPF", "src\MecanoERP.WPF\MecanoERP.WPF.csproj", "{7CEC5498-F3DE-40EA-939F-96A71854BA00}"
EndProject
Global
	GlobalSection(SolutionConfigurationPlatforms) = preSolution
		Debug|Any CPU = Debug|Any CPU
		Debug|x64 = Debug|x64
		Debug|x86 = Debug|x86
		Release|Any CPU = Release|Any CPU
		Release|x64 = Release|x64
		Release|x86 = Release|x86
	EndGlobalSection
	GlobalSection(ProjectConfigurationPlatforms) = postSolution
		{915F4A71-CEB5-493D-8A52-155CE89EF98F}.Debug|Any CPU.ActiveCfg = Debug|Any CPU
		{915F4A71-CEB5-493D-8A52-155CE89EF98F}.Debug|Any CPU.Build.0 = Debug|Any CPU
		{915F4A71-CEB5-493D-8A52-155CE89EF98F}.Debug|x64.ActiveCfg = Debug|Any CPU
		{915F4A71-CEB5-493D-8A52-155CE89EF98F}.Debug|x64.Build.0 = Debug|Any CPU
		{915F4A71-CEB5-493D-8A52-155CE89EF98F}.Debug|x86.ActiveCfg = Debug|Any CPU
		{915F4A71-CEB5-493D-8A52-155CE89EF98F}.Debug|x86.Build.0 = Debug|Any CPU
		{915F4A71-CEB5-493D-8A52-155CE89EF98F}.Release|Any CPU.ActiveCfg = Release|Any CPU
		{915F4A71-CEB5-493D-8A52-155CE89EF98F}.Release|Any CPU.Build.0 = Release|Any CPU
		{915F4A71-CEB5-493D-8A52-155CE89EF98F}.Release|x64.ActiveCfg = Release|Any CPU
		{915F4A71-CEB5-493D-8A52-155CE89EF98F}.Release|x64.Build.0 = Release|Any CPU
		{915F4A71-CEB5-493D-8A52-155CE89EF98F}.Release|x86.ActiveCfg = Release|Any CPU
		{915F4A71-CEB5-493D-8A52-155CE89EF98F}.Release|x86.Build.0 = Release|Any CPU
		{12099690-10CC-4656-9B68-22BD5359A90B}.Debug|Any CPU.ActiveCfg = Debug|Any CPU
		{12099690-10CC-4656-9B68-22BD5359A90B}.Debug|Any CPU.Build.0 = Debug|Any CPU
		{12099690-10CC-4656-9B68-22BD5359A90B}.Debug|x64.ActiveCfg = Debug|Any CPU
		{12099690-10CC-4656-9B68-22BD5359A90B}.Debug|x64.Build.0 = Debug|Any CPU
		{12099690-10CC-4656-9B68-22BD5359A90B}.Debug|x86.ActiveCfg = Debug|Any CPU
		{12099690-10CC-4656-9B68-22BD5359A90B}.Debug|x86.Build.0 = Debug|Any CPU
		{12099690-10CC-4656-9B68-22BD5359A90B}.Release|Any CPU.ActiveCfg = Release|Any CPU
		{12099690-10CC-4656-9B68-22BD5359A90B}.Release|Any CPU.Build.0 = Release|Any CPU
		{12099690-10CC-4656-9B68-22BD5359A90B}.Release|x64.ActiveCfg = Release|Any CPU
		{12099690-10CC-4656-9B68-22BD5359A90B}.Release|x64.Build.0 = Release|Any CPU
		{12099690-10CC-4656-9B68-22BD5359A90B}.Release|x86.ActiveCfg = Release|Any CPU
		{12099690-10CC-4656-9B68-22BD5359A90B}.Release|x86.Build.0 = Release|Any CPU
		{7CEC5498-F3DE-40EA-939F-96A71854BA00}.Debug|Any CPU.ActiveCfg = Debug|Any CPU
		{7CEC5498-F3DE-40EA-939F-96A71854BA00}.Debug|Any CPU.Build.0 = Debug|Any CPU
		{7CEC5498-F3DE-40EA-939F-96A71854BA00}.Debug|x64.ActiveCfg = Debug|Any CPU
		{7CEC5498-F3DE-40EA-939F-96A71854BA00}.Debug|x64.Build.0 = Debug|Any CPU
		{7CEC5498-F3DE-40EA-939F-96A71854BA00}.Debug|x86.ActiveCfg = Debug|Any CPU
		{7CEC5498-F3DE-40EA-939F-96A71854BA00}.Debug|x86.Build.0 = Debug|Any CPU
		{7CEC5498-F3DE-40EA-939F-96A71854BA00}.Release|Any CPU.ActiveCfg = Release|Any CPU
		{7CEC5498-F3DE-40EA-939F-96A71854BA00}.Release|Any CPU.Build.0 = Release|Any CPU
		{7CEC5498-F3DE-40EA-939F-96A71854BA00}.Release|x64.ActiveCfg = Release|Any CPU
		{7CEC5498-F3DE-40EA-939F-96A71854BA00}.Release|x64.Build.0 = Release|Any CPU
		{7CEC5498-F3DE-40EA-939F-96A71854BA00}.Release|x86.ActiveCfg = Release|Any CPU
		{7CEC5498-F3DE-40EA-939F-96A71854BA00}.Release|x86.Build.0 = Release|Any CPU
	EndGlobalSection
	GlobalSection(SolutionProperties) = preSolution
		HideSolutionNode = FALSE
	EndGlobalSection
	GlobalSection(NestedProjects) = preSolution
		{915F4A71-CEB5-493D-8A52-155CE89EF98F} = {827E0CD3-B72D-47B6-A68D-7590B98EB39B}
		{12099690-10CC-4656-9B68-22BD5359A90B} = {827E0CD3-B72D-47B6-A68D-7590B98EB39B}
		{7CEC5498-F3DE-40EA-939F-96A71854BA00} = {827E0CD3-B72D-47B6-A68D-7590B98EB39B}
	EndGlobalSection
EndGlobal
